// !$*UTF8*$!
{
	archiveVersion = 1;
	classes = {
	};
	objectVersion = 46;
	objects = {

/* Begin PBXBuildFile section */
		E4372F57153E353800D9F9BD /* UIKit.framework in Frameworks */ = {isa = PBXBuildFile; fileRef = E4372F56153E353800D9F9BD /* UIKit.framework */; };
		E4372F59153E353800D9F9BD /* Foundation.framework in Frameworks */ = {isa = PBXBuildFile; fileRef = E4372F58153E353800D9F9BD /* Foundation.framework */; };
		E4372F5B153E353800D9F9BD /* CoreGraphics.framework in Frameworks */ = {isa = PBXBuildFile; fileRef = E4372F5A153E353800D9F9BD /* CoreGraphics.framework */; };
		E4372F61153E353800D9F9BD /* InfoPlist.strings in Resources */ = {isa = PBXBuildFile; fileRef = E4372F5F153E353800D9F9BD /* InfoPlist.strings */; };
		E4372F63153E353800D9F9BD /* main.m in Sources */ = {isa = PBXBuildFile; fileRef = E4372F62153E353800D9F9BD /* main.m */; };
		E4372F67153E353800D9F9BD /* AppDelegate.m in Sources */ = {isa = PBXBuildFile; fileRef = E4372F66153E353800D9F9BD /* AppDelegate.m */; };
		E4372F6A153E353800D9F9BD /* MainStoryboard.storyboard in Resources */ = {isa = PBXBuildFile; fileRef = E4372F68153E353800D9F9BD /* MainStoryboard.storyboard */; };
		E4372F6D153E353800D9F9BD /* ViewController.m in Sources */ = {isa = PBXBuildFile; fileRef = E4372F6C153E353800D9F9BD /* ViewController.m */; };
/* End PBXBuildFile section */

/* Begin PBXFileReference section */
		E4372F52153E353800D9F9BD /* foldingView.app */ = {isa = PBXFileReference; explicitFileType = wrapper.application; includeInIndex = 0; path = foldingView.app; sourceTree = BUILT_PRODUCTS_DIR; };
		E4372F56153E353800D9F9BD /* UIKit.framework */ = {isa = PBXFileReference; lastKnownFileType = wrapper.framework; name = UIKit.framework; path = System/Library/Frameworks/UIKit.framework; sourceTree = SDKROOT; };
		E4372F58153E353800D9F9BD /* Foundation.framework */ = {isa = PBXFileReference; lastKnownFileType = wrapper.framework; name = Foundation.framework; path = System/Library/Frameworks/Foundation.framework; sourceTree = SDKROOT; };
		E4372F5A153E353800D9F9BD /* CoreGraphics.framework */ = {isa = PBXFileReference; lastKnownFileType = wrapper.framework; name = CoreGraphics.framework; path = System/Library/Frameworks/CoreGraphics.framework; sourceTree = SDKROOT; };
		E4372F5E153E353800D9F9BD /* foldingView-Info.plist */ = {isa = PBXFileReference; path = "foldingView-Info.plist"; sourceTree = "<group>"; };
		E4372F60153E353800D9F9BD /* en */ = {isa = PBXFileReference; lastKnownFileType = text.plist.strings; name = en; path = en.lproj/InfoPlist.strings; sourceTree = "<group>"; };
		E4372F62153E353800D9F9BD /* main.m */ = {isa = PBXFileReference; lastKnownFileType = sourcecode.c.objc; path = main.m; sourceTree = "<group>"; };
		E4372F64153E353800D9F9BD /* foldingView-Prefix.pch */ = {isa = PBXFileReference; path = "foldingView-Prefix.pch"; sourceTree = "<group>"; };
		E4372F65153E353800D9F9BD /* AppDelegate.h */ = {isa = PBXFileReference; path = AppDelegate.h; sourceTree = "<group>"; };
		E4372F66153E353800D9F9BD /* AppDelegate.m */ = {isa = PBXFileReference; lastKnownFileType = sourcecode.c.objc; path = AppDelegate.m; sourceTree = "<group>"; };
		E4372F69153E353800D9F9BD /* en */ = {isa = PBXFileReference; lastKnownFileType = file.storyboard; name = en; path = en.lproj/MainStoryboard.storyboard; sourceTree = "<group>"; };
		E4372F6B153E353800D9F9BD /* ViewController.h */ = {isa = PBXFileReference; path = ViewController.h; sourceTree = "<group>"; };
		E4372F6C153E353800D9F9BD /* ViewController.m */ = {isa = PBXFileReference; lastKnownFileType = sourcecode.c.objc; path = ViewController.m; sourceTree = "<group>"; };
/* End PBXFileReference section */

/* Begin PBXFrameworksBuildPhase section */
		E4372F4F153E353800D9F9BD /* Frameworks */ = {
			isa = PBXFrameworksBuildPhase;
			buildActionMask = 2147483647;
			files = (
				E4372F57153E353800D9F9BD /* UIKit.framework in Frameworks */,
				E4372F59153E353800D9F9BD /* Foundation.framework in Frameworks */,
				E4372F5B153E353800D9F9BD /* CoreGraphics.framework in Frameworks */,
			);
			runOnlyForDeploymentPostprocessing = 0;
		};
/* End PBXFrameworksBuildPhase section */

/* Begin PBXGroup section */
		E4372F47153E353500D9F9BD = {
			isa = PBXGroup;
			children = (
				E4372F5C153E353800D9F9BD /* foldingView */,
				E4372F55153E353800D9F9BD /* Frameworks */,
				E4372F53153E353800D9F9BD /* Products */,
			);
			sourceTree = "<group>";
		};
		E4372F53153E353800D9F9BD /* Products */ = {
			isa = PBXGroup;
			children = (
				E4372F52153E353800D9F9BD /* foldingView.app */,
			);
			name = Products;
			sourceTree = "<group>";
		};
		E4372F55153E353800D9F9BD /* Frameworks */ = {
			isa = PBXGroup;
			children = (
				E4372F56153E353800D9F9BD /* UIKit.framework */,
				E4372F58153E353800D9F9BD /* Foundation.framework */,
				E4372F5A153E353800D9F9BD /* CoreGraphics.framework */,
			);
			name = Frameworks;
			sourceTree = "<group>";
		};
		E4372F5C153E353800D9F9BD /* foldingView */ = {
			isa = PBXGroup;
			children = (
				E4372F65153E353800D9F9BD /* AppDelegate.h */,
				E4372F66153E353800D9F9BD /* AppDelegate.m */,
				E4372F68153E353800D9F9BD /* MainStoryboard.storyboard */,
				E4372F6B153E353800D9F9BD /* ViewController.h */,
				E4372F6C153E353800D9F9BD /* ViewController.m */,
				E4372F5D153E353800D9F9BD /* Supporting Files */,
			);
			path = foldingView;
			sourceTree = "<group>";
		};
		E4372F5D153E353800D9F9BD /* Supporting Files */ = {
			isa = PBXGroup;
			children = (
				E4372F5E153E353800D9F9BD /* foldingView-Info.plist */,
				E4372F5F153E353800D9F9BD /* InfoPlist.strings */,
				E4372F62153E353800D9F9BD /* main.m */,
				E4372F64153E353800D9F9BD /* foldingView-Prefix.pch */,
			);
			name = "Supporting Files";
			sourceTree = "<group>";
		};
/* End PBXGroup section */

/* Begin PBXNativeTarget section */
		E4372F51153E353800D9F9BD /* foldingView */ = {
			isa = PBXNativeTarget;
			buildConfigurationList = E4372F70153E353800D9F9BD /* Build configuration list for PBXNativeTarget "foldingView" */;
			buildPhases = (
				E4372F4E153E353800D9F9BD /* Sources */,
				E4372F4F153E353800D9F9BD /* Frameworks */,
				E4372F50153E353800D9F9BD /* Resources */,
			);
			buildRules = (
			);
			dependencies = (
			);
			name = foldingView;
			productName = foldingView;
			productReference = E4372F52153E353800D9F9BD /* foldingView.app */;
			productType = "com.apple.product-type.application";
		};
/* End PBXNativeTarget section */

/* Begin PBXProject section */
		E4372F49153E353600D9F9BD /* Project object */ = {
			isa = PBXProject;
			attributes = {
				LastUpgradeCheck = 0430;
			};
			buildConfigurationList = E4372F4C153E353600D9F9BD /* Build configuration list for PBXProject "foldingView" */;
			compatibilityVersion = "Xcode 3.2";
			developmentRegion = English;
			hasScannedForEncodings = 0;
			knownRegions = (
				en,
			);
			mainGroup = E4372F47153E353500D9F9BD;
			productRefGroup = E4372F53153E353800D9F9BD /* Products */;
			projectDirPath = "";
			projectRoot = "";
			targets = (
				E4372F51153E353800D9F9BD /* foldingView */,
			);
		};
/* End PBXProject section */

/* Begin PBXResourcesBuildPhase section */
		E4372F50153E353800D9F9BD /* Resources */ = {
			isa = PBXResourcesBuildPhase;
			buildActionMask = 2147483647;
			files = (
				E4372F61153E353800D9F9BD /* InfoPlist.strings in Resources */,
				E4372F6A153E353800D9F9BD /* MainStoryboard.storyboard in Resources */,
			);
			runOnlyForDeploymentPostprocessing = 0;
		};
/* End PBXResourcesBuildPhase section */

/* Begin PBXSourcesBuildPhase section */
		E4372F4E153E353800D9F9BD /* Sources */ = {
			isa = PBXSourcesBuildPhase;
			buildActionMask = 2147483647;
			files = (
				E4372F63153E353800D9F9BD /* main.m in Sources */,
				E4372F67153E353800D9F9BD /* AppDelegate.m in Sources */,
				E4372F6D153E353800D9F9BD /* ViewController.m in Sources */,
			);
			runOnlyForDeploymentPostprocessing = 0;
		};
/* End PBXSourcesBuildPhase section */

/* Begin PBXVariantGroup section */
		E4372F5F153E353800D9F9BD /* InfoPlist.strings */ = {
			isa = PBXVariantGroup;
			children = (
				E4372F60153E353800D9F9BD /* en */,
			);
			name = InfoPlist.strings;
			sourceTree = "<group>";
		};
		E4372F68153E353800D9F9BD /* MainStoryboard.storyboard */ = {
			isa = PBXVariantGroup;
			children = (
				E4372F69153E353800D9F9BD /* en */,
			);
			name = MainStoryboard.storyboard;
			sourceTree = "<group>";
		};
/* End PBXVariantGroup section */

/* Begin XCBuildConfiguration section */
		E4372F6E153E353800D9F9BD /* Debug */ = {
			isa = XCBuildConfiguration;
			buildSettings = {
				ALWAYS_SEARCH_USER_PATHS = NO;
				ARCHS = "$(ARCHS_STANDARD_32_BIT)";
				CLANG_ENABLE_OBJC_ARC = YES;
				"CODE_SIGN_IDENTITY[sdk=iphoneos*]" = "iPhone Developer";
				COPY_PHASE_STRIP = NO;
				GCC_C_LANGUAGE_STANDARD = gnu99;
				GCC_DYNAMIC_NO_PIC = NO;
				GCC_OPTIMIZATION_LEVEL = 0;
				GCC_PREPROCESSOR_DEFINITIONS = (
					"DEBUG=1",
					"$(inherited)",
				);
				GCC_SYMBOLS_PRIVATE_EXTERN = NO;
				GCC_VERSION = com.apple.compilers.llvm.clang.1_0;
				GCC_WARN_ABOUT_RETURN_TYPE = YES;
				GCC_WARN_UNINITIALIZED_AUTOS = YES;
				GCC_WARN_UNUSED_VARIABLE = YES;
				IPHONEOS_DEPLOYMENT_TARGET = 5.1;
				SDKROOT = iphoneos;
			};
			name = Debug;
		};
		E4372F6F153E353800D9F9BD /* Release */ = {
			isa = XCBuildConfiguration;
			buildSettings = {
				ALWAYS_SEARCH_USER_PATHS = NO;
				ARCHS = "$(ARCHS_STANDARD_32_BIT)";
				CLANG_ENABLE_OBJC_ARC = YES;
				"CODE_SIGN_IDENTITY[sdk=iphoneos*]" = "iPhone Developer";
				COPY_PHASE_STRIP = YES;
				GCC_C_LANGUAGE_STANDARD = gnu99;
				GCC_VERSION = com.apple.compilers.llvm.clang.1_0;
				GCC_WARN_ABOUT_RETURN_TYPE = YES;
				GCC_WARN_UNINITIALIZED_AUTOS = YES;
				GCC_WARN_UNUSED_VARIABLE = YES;
				IPHONEOS_DEPLOYMENT_TARGET = 5.1;
				OTHER_CFLAGS = "-DNS_BLOCK_ASSERTIONS=1";
				SDKROOT = iphoneos;
				VALIDATE_PRODUCT = YES;
			};
			name = Release;
		};
		E4372F71153E353800D9F9BD /* Debug */ = {
			isa = XCBuildConfiguration;
			buildSettings = {
				GCC_PRECOMPILE_PREFIX_HEADER = YES;
				GCC_PREFIX_HEADER = "foldingView/foldingView-Prefix.pch";
				INFOPLIST_FILE = "foldingView/foldingView-Info.plist";
				PRODUCT_NAME = "$(TARGET_NAME)";
				WRAPPER_EXTENSION = app;
			};
			name = Debug;
		};
		E4372F72153E353800D9F9BD /* Release */ = {
			isa = XCBuildConfiguration;
			buildSettings = {
				GCC_PRECOMPILE_PREFIX_HEADER = YES;
				GCC_PREFIX_HEADER = "foldingView/foldingView-Prefix.pch";
				INFOPLIST_FILE = "foldingView/foldingView-Info.plist";
				PRODUCT_NAME = "$(TARGET_NAME)";
				WRAPPER_EXTENSION = app;
			};
			name = Release;
		};
/* End XCBuildConfiguration section */

/* Begin XCConfigurationList section */
		E4372F4C153E353600D9F9BD /* Build configuration list for PBXProject "foldingView" */ = {
			isa = XCConfigurationList;
			buildConfigurations = (
				E4372F6E153E353800D9F9BD /* Debug */,
				E4372F6F153E353800D9F9BD /* Release */,
			);
			defaultConfigurationIsVisible = 0;
			defaultConfigurationName = Release;
		};
		E4372F70153E353800D9F9BD /* Build configuration list for PBXNativeTarget "foldingView" */ = {
			isa = XCConfigurationList;
			buildConfigurations = (
				E4372F71153E353800D9F9BD /* Debug */,
				E4372F72153E353800D9F9BD /* Release */,
			);
			defaultConfigurationIsVisible = 0;
		};
/* End XCConfigurationList section */
	};
	rootObject = E4372F49153E353600D9F9BD /* Project object */;
}
